
Microsoft Visual Studio Solution File, Format Version 12.00
# Visual Studio 15
VisualStudioVersion = 15.0.28307.438
MinimumVisualStudioVersion = 10.0.40219.1
Project("{FAE04EC0-301F-11D3-BF4B-00C04F79EFBC}") = "WCFServiceWebRole1", "WCFServiceWebRole1\WCFServiceWebRole1.csproj", "{FEA2FDA8-336E-41CE-B13A-77000EE9C663}"
EndProject
Project("{FAE04EC0-301F-11D3-BF4B-00C04F79EFBC}") = "Rabbit", "Rabbit\Rabbit.csproj", "{0D0ADB58-CA38-4E16-B2C7-051E6A6E74D7}"
EndProject
Global
	GlobalSection(SolutionConfigurationPlatforms) = preSolution
		Debug|Any CPU = Debug|Any CPU
		Release|Any CPU = Release|Any CPU
	EndGlobalSection
	GlobalSection(ProjectConfigurationPlatforms) = postSolution
		{FEA2FDA8-336E-41CE-B13A-77000EE9C663}.Debug|Any CPU.ActiveCfg = Debug|Any CPU
		{FEA2FDA8-336E-41CE-B13A-77000EE9C663}.Debug|Any CPU.Build.0 = Debug|Any CPU
		{FEA2FDA8-336E-41CE-B13A-77000EE9C663}.Release|Any CPU.ActiveCfg = Release|Any CPU
		{FEA2FDA8-336E-41CE-B13A-77000EE9C663}.Release|Any CPU.Build.0 = Release|Any CPU
		{0D0ADB58-CA38-4E16-B2C7-051E6A6E74D7}.Debug|Any CPU.ActiveCfg = Debug|Any CPU
		{0D0ADB58-CA38-4E16-B2C7-051E6A6E74D7}.Debug|Any CPU.Build.0 = Debug|Any CPU
		{0D0ADB58-CA38-4E16-B2C7-051E6A6E74D7}.Release|Any CPU.ActiveCfg = Release|Any CPU
		{0D0ADB58-CA38-4E16-B2C7-051E6A6E74D7}.Release|Any CPU.Build.0 = Release|Any CPU
	EndGlobalSection
	GlobalSection(SolutionProperties) = preSolution
		HideSolutionNode = FALSE
	EndGlobalSection
	GlobalSection(ExtensibilityGlobals) = postSolution
		SolutionGuid = {B5B864C7-5B0F-48C9-82C2-4CDB87D66286}
	EndGlobalSection
EndGlobal
